// !$*UTF8*$!
{
	archiveVersion = 1;
	classes = {
	};
	objectVersion = 46;
	objects = {

/* Begin PBXBuildFile section */
		8563AEEE1FE8E14F00748851 /* main.m in Sources */ = {isa = PBXBuildFile; fileRef = 8563AEED1FE8E14F00748851 /* main.m */; };
		8563AEF11FE8E14F00748851 /* AppDelegate.m in Sources */ = {isa = PBXBuildFile; fileRef = 8563AEF01FE8E14F00748851 /* AppDelegate.m */; };
		8563AEF41FE8E14F00748851 /* ViewController.m in Sources */ = {isa = PBXBuildFile; fileRef = 8563AEF31FE8E14F00748851 /* ViewController.m */; };
		8563AEF71FE8E14F00748851 /* Main.storyboard in Resources */ = {isa = PBXBuildFile; fileRef = 8563AEF51FE8E14F00748851 /* Main.storyboard */; };
		8563AEF91FE8E14F00748851 /* Assets.xcassets in Resources */ = {isa = PBXBuildFile; fileRef = 8563AEF81FE8E14F00748851 /* Assets.xcassets */; };
		8563AEFC1FE8E14F00748851 /* LaunchScreen.storyboard in Resources */ = {isa = PBXBuildFile; fileRef = 8563AEFA1FE8E14F00748851 /* LaunchScreen.storyboard */; };
/* End PBXBuildFile section */

/* Begin PBXFileReference section */
		8563AEE91FE8E14F00748851 /* myProject.app */ = {isa = PBXFileReference; explicitFileType = wrapper.application; includeInIndex = 0; path = myProject.app; sourceTree = BUILT_PRODUCTS_DIR; };
		8563AEED1FE8E14F00748851 /* main.m */ = {isa = PBXFileReference; lastKnownFileType = sourcecode.c.objc; path = main.m; sourceTree = "<group>"; };
		8563AEEF1FE8E14F00748851 /* AppDelegate.h */ = {isa = PBXFileReference; lastKnownFileType = sourcecode.c.h; path = AppDelegate.h; sourceTree = "<group>"; };
		8563AEF01FE8E14F00748851 /* AppDelegate.m */ = {isa = PBXFileReference; lastKnownFileType = sourcecode.c.objc; path = AppDelegate.m; sourceTree = "<group>"; };
		8563AEF21FE8E14F00748851 /* ViewController.h */ = {isa = PBXFileReference; lastKnownFileType = sourcecode.c.h; path = ViewController.h; sourceTree = "<group>"; };
		8563AEF31FE8E14F00748851 /* ViewController.m */ = {isa = PBXFileReference; lastKnownFileType = sourcecode.c.objc; path = ViewController.m; sourceTree = "<group>"; };
		8563AEF61FE8E14F00748851 /* Base */ = {isa = PBXFileReference; lastKnownFileType = file.storyboard; name = Base; path = Base.lproj/Main.storyboard; sourceTree = "<group>"; };
		8563AEF81FE8E14F00748851 /* Assets.xcassets */ = {isa = PBXFileReference; lastKnownFileType = folder.assetcatalog; path = Assets.xcassets; sourceTree = "<group>"; };
		8563AEFB1FE8E14F00748851 /* Base */ = {isa = PBXFileReference; lastKnownFileType = file.storyboard; name = Base; path = Base.lproj/LaunchScreen.storyboard; sourceTree = "<group>"; };
		8563AEFD1FE8E14F00748851 /* Info.plist */ = {isa = PBXFileReference; lastKnownFileType = text.plist.xml; path = Info.plist; sourceTree = "<group>"; };
/* End PBXFileReference section */

/* Begin PBXFrameworksBuildPhase section */
		8563AEE61FE8E14E00748851 /* Frameworks */ = {
			isa = PBXFrameworksBuildPhase;
			buildActionMask = 2147483647;
			files = (
			);
			runOnlyForDeploymentPostprocessing = 0;
		};
/* End PBXFrameworksBuildPhase section */

/* Begin PBXGroup section */
		8563AEE01FE8E14D00748851 = {
			isa = PBXGroup;
			children = (
				8563AEEB1FE8E14F00748851 /* myProject */,
				8563AEEA1FE8E14F00748851 /* Products */,
			);
			sourceTree = "<group>";
		};
		8563AEEA1FE8E14F00748851 /* Products */ = {
			isa = PBXGroup;
			children = (
				8563AEE91FE8E14F00748851 /* myProject.app */,
			);
			name = Products;
			sourceTree = "<group>";
		};
		8563AEEB1FE8E14F00748851 /* myProject */ = {
			isa = PBXGroup;
			children = (
				8563AEEF1FE8E14F00748851 /* AppDelegate.h */,
				8563AEF01FE8E14F00748851 /* AppDelegate.m */,
				8563AEF21FE8E14F00748851 /* ViewController.h */,
				8563AEF31FE8E14F00748851 /* ViewController.m */,
				8563AEF51FE8E14F00748851 /* Main.storyboard */,
				8563AEF81FE8E14F00748851 /* Assets.xcassets */,
				8563AEFA1FE8E14F00748851 /* LaunchScreen.storyboard */,
				8563AEFD1FE8E14F00748851 /* Info.plist */,
				8563AEEC1FE8E14F00748851 /* Supporting Files */,
			);
			path = myProject;
			sourceTree = "<group>";
		};
		8563AEEC1FE8E14F00748851 /* Supporting Files */ = {
			isa = PBXGroup;
			children = (
				8563AEED1FE8E14F00748851 /* main.m */,
			);
			name = "Supporting Files";
			sourceTree = "<group>";
		};
/* End PBXGroup section */

/* Begin PBXNativeTarget section */
		8563AEE81FE8E14E00748851 /* myProject */ = {
			isa = PBXNativeTarget;
			buildConfigurationList = 8563AF001FE8E15000748851 /* Build configuration list for PBXNativeTarget "myProject" */;
			buildPhases = (
				8563AEE51FE8E14E00748851 /* Sources */,
				8563AEE61FE8E14E00748851 /* Frameworks */,
				8563AEE71FE8E14E00748851 /* Resources */,
			);
			buildRules = (
			);
			dependencies = (
			);
			name = myProject;
			productName = myProject;
			productReference = 8563AEE91FE8E14F00748851 /* myProject.app */;
			productType = "com.apple.product-type.application";
		};
/* End PBXNativeTarget section */

/* Begin PBXProject section */
		8563AEE11FE8E14E00748851 /* Project object */ = {
			isa = PBXProject;
			attributes = {
				LastUpgradeCheck = 0820;
				ORGANIZATIONNAME = tarena;
				TargetAttributes = {
					8563AEE81FE8E14E00748851 = {
						CreatedOnToolsVersion = 8.2.1;
						DevelopmentTeam = 77DS4PNEBQ;
						ProvisioningStyle = Automatic;
					};
				};
			};
			buildConfigurationList = 8563AEE41FE8E14E00748851 /* Build configuration list for PBXProject "myProject" */;
			compatibilityVersion = "Xcode 3.2";
			developmentRegion = English;
			hasScannedForEncodings = 0;
			knownRegions = (
				en,
				Base,
			);
			mainGroup = 8563AEE01FE8E14D00748851;
			productRefGroup = 8563AEEA1FE8E14F00748851 /* Products */;
			projectDirPath = "";
			projectRoot = "";
			targets = (
				8563AEE81FE8E14E00748851 /* myProject */,
			);
		};
/* End PBXProject section */

/* Begin PBXResourcesBuildPhase section */
		8563AEE71FE8E14E00748851 /* Resources */ = {
			isa = PBXResourcesBuildPhase;
			buildActionMask = 2147483647;
			files = (
				8563AEFC1FE8E14F00748851 /* LaunchScreen.storyboard in Resources */,
				8563AEF91FE8E14F00748851 /* Assets.xcassets in Resources */,
				8563AEF71FE8E14F00748851 /* Main.storyboard in Resources */,
			);
			runOnlyForDeploymentPostprocessing = 0;
		};
/* End PBXResourcesBuildPhase section */

/* Begin PBXSourcesBuildPhase section */
		8563AEE51FE8E14E00748851 /* Sources */ = {
			isa = PBXSourcesBuildPhase;
			buildActionMask = 2147483647;
			files = (
				8563AEF41FE8E14F00748851 /* ViewController.m in Sources */,
				8563AEF11FE8E14F00748851 /* AppDelegate.m in Sources */,
				8563AEEE1FE8E14F00748851 /* main.m in Sources */,
			);
			runOnlyForDeploymentPostprocessing = 0;
		};
/* End PBXSourcesBuildPhase section */

/* Begin PBXVariantGroup section */
		8563AEF51FE8E14F00748851 /* Main.storyboard */ = {
			isa = PBXVariantGroup;
			children = (
				8563AEF61FE8E14F00748851 /* Base */,
			);
			name = Main.storyboard;
			sourceTree = "<group>";
		};
		8563AEFA1FE8E14F00748851 /* LaunchScreen.storyboard */ = {
			isa = PBXVariantGroup;
			children = (
				8563AEFB1FE8E14F00748851 /* Base */,
			);
			name = LaunchScreen.storyboard;
			sourceTree = "<group>";
		};
/* End PBXVariantGroup section */

/* Begin XCBuildConfiguration section */
		8563AEFE1FE8E14F00748851 /* Debug */ = {
			isa = XCBuildConfiguration;
			buildSettings = {
				ALWAYS_SEARCH_USER_PATHS = NO;
				CLANG_ANALYZER_NONNULL = YES;
				CLANG_CXX_LANGUAGE_STANDARD = "gnu++0x";
				CLANG_CXX_LIBRARY = "libc++";
				CLANG_ENABLE_MODULES = YES;
				CLANG_ENABLE_OBJC_ARC = YES;
				CLANG_WARN_BOOL_CONVERSION = YES;
				CLANG_WARN_CONSTANT_CONVERSION = YES;
				CLANG_WARN_DIRECT_OBJC_ISA_USAGE = YES_ERROR;
				CLANG_WARN_DOCUMENTATION_COMMENTS = YES;
				CLANG_WARN_EMPTY_BODY = YES;
				CLANG_WARN_ENUM_CONVERSION = YES;
				CLANG_WARN_INFINITE_RECURSION = YES;
				CLANG_WARN_INT_CONVERSION = YES;
				CLANG_WARN_OBJC_ROOT_CLASS = YES_ERROR;
				CLANG_WARN_SUSPICIOUS_MOVE = YES;
				CLANG_WARN_UNREACHABLE_CODE = YES;
				CLANG_WARN__DUPLICATE_METHOD_MATCH = YES;
				"CODE_SIGN_IDENTITY[sdk=iphoneos*]" = "iPhone Developer";
				COPY_PHASE_STRIP = NO;
				DEBUG_INFORMATION_FORMAT = dwarf;
				ENABLE_STRICT_OBJC_MSGSEND = YES;
				ENABLE_TESTABILITY = YES;
				GCC_C_LANGUAGE_STANDARD = gnu99;
				GCC_DYNAMIC_NO_PIC = NO;
				GCC_NO_COMMON_BLOCKS = YES;
				GCC_OPTIMIZATION_LEVEL = 0;
				GCC_PREPROCESSOR_DEFINITIONS = (
					"DEBUG=1",
					"$(inherited)",
				);
				GCC_WARN_64_TO_32_BIT_CONVERSION = YES;
				GCC_WARN_ABOUT_RETURN_TYPE = YES_ERROR;
				GCC_WARN_UNDECLARED_SELECTOR = YES;
				GCC_WARN_UNINITIALIZED_AUTOS = YES_AGGRESSIVE;
				GCC_WARN_UNUSED_FUNCTION = YES;
				GCC_WARN_UNUSED_VARIABLE = YES;
				IPHONEOS_DEPLOYMENT_TARGET = 10.2;
				MTL_ENABLE_DEBUG_INFO = YES;
				ONLY_ACTIVE_ARCH = YES;
				SDKROOT = iphoneos;
				TARGETED_DEVICE_FAMILY = "1,2";
			};
			name = Debug;
		};
		8563AEFF1FE8E14F00748851 /* Release */ = {
			isa = XCBuildConfiguration;
			buildSettings = {
				ALWAYS_SEARCH_USER_PATHS = NO;
				CLANG_ANALYZER_NONNULL = YES;
				CLANG_CXX_LANGUAGE_STANDARD = "gnu++0x";
				CLANG_CXX_LIBRARY = "libc++";
				CLANG_ENABLE_MODULES = YES;
				CLANG_ENABLE_OBJC_ARC = YES;
				CLANG_WARN_BOOL_CONVERSION = YES;
				CLANG_WARN_CONSTANT_CONVERSION = YES;
				CLANG_WARN_DIRECT_OBJC_ISA_USAGE = YES_ERROR;
				CLANG_WARN_DOCUMENTATION_COMMENTS = YES;
				CLANG_WARN_EMPTY_BODY = YES;
				CLANG_WARN_ENUM_CONVERSION = YES;
				CLANG_WARN_INFINITE_RECURSION = YES;
				CLANG_WARN_INT_CONVERSION = YES;
				CLANG_WARN_OBJC_ROOT_CLASS = YES_ERROR;
				CLANG_WARN_SUSPICIOUS_MOVE = YES;
				CLANG_WARN_UNREACHABLE_CODE = YES;
				CLANG_WARN__DUPLICATE_METHOD_MATCH = YES;
				"CODE_SIGN_IDENTITY[sdk=iphoneos*]" = "iPhone Developer";
				COPY_PHASE_STRIP = NO;
				DEBUG_INFORMATION_FORMAT = "dwarf-with-dsym";
				ENABLE_NS_ASSERTIONS = NO;
				ENABLE_STRICT_OBJC_MSGSEND = YES;
				GCC_C_LANGUAGE_STANDARD = gnu99;
				GCC_NO_COMMON_BLOCKS = YES;
				GCC_WARN_64_TO_32_BIT_CONVERSION = YES;
				GCC_WARN_ABOUT_RETURN_TYPE = YES_ERROR;
				GCC_WARN_UNDECLARED_SELECTOR = YES;
				GCC_WARN_UNINITIALIZED_AUTOS = YES_AGGRESSIVE;
				GCC_WARN_UNUSED_FUNCTION = YES;
				GCC_WARN_UNUSED_VARIABLE = YES;
				IPHONEOS_DEPLOYMENT_TARGET = 10.2;
				MTL_ENABLE_DEBUG_INFO = NO;
				SDKROOT = iphoneos;
				TARGETED_DEVICE_FAMILY = "1,2";
				VALIDATE_PRODUCT = YES;
			};
			name = Release;
		};
		8563AF011FE8E15000748851 /* Debug */ = {
			isa = XCBuildConfiguration;
			buildSettings = {
				ASSETCATALOG_COMPILER_APPICON_NAME = AppIcon;
				DEVELOPMENT_TEAM = 77DS4PNEBQ;
				INFOPLIST_FILE = myProject/Info.plist;
				LD_RUNPATH_SEARCH_PATHS = "$(inherited) @executable_path/Frameworks";
				PRODUCT_BUNDLE_IDENTIFIER = cn.tarena.myProject;
				PRODUCT_NAME = "$(TARGET_NAME)";
			};
			name = Debug;
		};
		8563AF021FE8E15000748851 /* Release */ = {
			isa = XCBuildConfiguration;
			buildSettings = {
				ASSETCATALOG_COMPILER_APPICON_NAME = AppIcon;
				DEVELOPMENT_TEAM = 77DS4PNEBQ;
				INFOPLIST_FILE = myProject/Info.plist;
				LD_RUNPATH_SEARCH_PATHS = "$(inherited) @executable_path/Frameworks";
				PRODUCT_BUNDLE_IDENTIFIER = cn.tarena.myProject;
				PRODUCT_NAME = "$(TARGET_NAME)";
			};
			name = Release;
		};
/* End XCBuildConfiguration section */

/* Begin XCConfigurationList section */
		8563AEE41FE8E14E00748851 /* Build configuration list for PBXProject "myProject" */ = {
			isa = XCConfigurationList;
			buildConfigurations = (
				8563AEFE1FE8E14F00748851 /* Debug */,
				8563AEFF1FE8E14F00748851 /* Release */,
			);
			defaultConfigurationIsVisible = 0;
			defaultConfigurationName = Release;
		};
		8563AF001FE8E15000748851 /* Build configuration list for PBXNativeTarget "myProject" */ = {
			isa = XCConfigurationList;
			buildConfigurations = (
				8563AF011FE8E15000748851 /* Debug */,
				8563AF021FE8E15000748851 /* Release */,
			);
			defaultConfigurationIsVisible = 0;
		};
/* End XCConfigurationList section */
	};
	rootObject = 8563AEE11FE8E14E00748851 /* Project object */;
}
